Microsoft Visual Studio Solution File, Format Version 12.00
# Visual Studio 14
Project("{8BC9CEB8-8B4A-11D0-8D11-00A0C91BC942}") = "ALL_BUILD", "ALL_BUILD.vcxproj", "{5E5A7654-0A1B-3A6D-963E-A6A115791551}"
	ProjectSection(ProjectDependencies) = postProject
		{7C9181C6-B654-3715-9891-B6289326D33E} = {7C9181C6-B654-3715-9891-B6289326D33E}
		{56FF2506-7C80-333C-9BAC-67D91C8EEC14} = {56FF2506-7C80-333C-9BAC-67D91C8EEC14}
		{F5875D33-9E92-3D82-8A87-BA5966D1C523} = {F5875D33-9E92-3D82-8A87-BA5966D1C523}
		{A9000320-C7BB-34E9-89E3-CBCDF273A35D} = {A9000320-C7BB-34E9-89E3-CBCDF273A35D}
		{45B5C79D-9B4F-31E1-BA5C-6B2982DE43FB} = {45B5C79D-9B4F-31E1-BA5C-6B2982DE43FB}
		{757ACF19-D1BC-35FE-8B5D-EEB07BDD614A} = {757ACF19-D1BC-35FE-8B5D-EEB07BDD614A}
		{4FB53BCE-F374-31BC-93D0-36BFEE57F5A4} = {4FB53BCE-F374-31BC-93D0-36BFEE57F5A4}
		{164BC991-A08B-3A9B-AB9D-B8208FE9A7F4} = {164BC991-A08B-3A9B-AB9D-B8208FE9A7F4}
	EndProjectSection
EndProject
Project("{8BC9CEB8-8B4A-11D0-8D11-00A0C91BC942}") = "ORB_SLAM2", "ORB_SLAM2.vcxproj", "{7C9181C6-B654-3715-9891-B6289326D33E}"
	ProjectSection(ProjectDependencies) = postProject
		{56FF2506-7C80-333C-9BAC-67D91C8EEC14} = {56FF2506-7C80-333C-9BAC-67D91C8EEC14}
	EndProjectSection
EndProject
Project("{8BC9CEB8-8B4A-11D0-8D11-00A0C91BC942}") = "ZERO_CHECK", "ZERO_CHECK.vcxproj", "{56FF2506-7C80-333C-9BAC-67D91C8EEC14}"
	ProjectSection(ProjectDependencies) = postProject
	EndProjectSection
EndProject
Project("{8BC9CEB8-8B4A-11D0-8D11-00A0C91BC942}") = "mono_euroc", "mono_euroc.vcxproj", "{F5875D33-9E92-3D82-8A87-BA5966D1C523}"
	ProjectSection(ProjectDependencies) = postProject
		{7C9181C6-B654-3715-9891-B6289326D33E} = {7C9181C6-B654-3715-9891-B6289326D33E}
		{56FF2506-7C80-333C-9BAC-67D91C8EEC14} = {56FF2506-7C80-333C-9BAC-67D91C8EEC14}
	EndProjectSection
EndProject
Project("{8BC9CEB8-8B4A-11D0-8D11-00A0C91BC942}") = "mono_kitti", "mono_kitti.vcxproj", "{A9000320-C7BB-34E9-89E3-CBCDF273A35D}"
	ProjectSection(ProjectDependencies) = postProject
		{7C9181C6-B654-3715-9891-B6289326D33E} = {7C9181C6-B654-3715-9891-B6289326D33E}
		{56FF2506-7C80-333C-9BAC-67D91C8EEC14} = {56FF2506-7C80-333C-9BAC-67D91C8EEC14}
	EndProjectSection
EndProject
Project("{8BC9CEB8-8B4A-11D0-8D11-00A0C91BC942}") = "mono_tum", "mono_tum.vcxproj", "{45B5C79D-9B4F-31E1-BA5C-6B2982DE43FB}"
	ProjectSection(ProjectDependencies) = postProject
		{7C9181C6-B654-3715-9891-B6289326D33E} = {7C9181C6-B654-3715-9891-B6289326D33E}
		{56FF2506-7C80-333C-9BAC-67D91C8EEC14} = {56FF2506-7C80-333C-9BAC-67D91C8EEC14}
	EndProjectSection
EndProject
Project("{8BC9CEB8-8B4A-11D0-8D11-00A0C91BC942}") = "rgbd_tum", "rgbd_tum.vcxproj", "{757ACF19-D1BC-35FE-8B5D-EEB07BDD614A}"
	ProjectSection(ProjectDependencies) = postProject
		{7C9181C6-B654-3715-9891-B6289326D33E} = {7C9181C6-B654-3715-9891-B6289326D33E}
		{56FF2506-7C80-333C-9BAC-67D91C8EEC14} = {56FF2506-7C80-333C-9BAC-67D91C8EEC14}
	EndProjectSection
EndProject
Project("{8BC9CEB8-8B4A-11D0-8D11-00A0C91BC942}") = "stereo_euroc", "stereo_euroc.vcxproj", "{4FB53BCE-F374-31BC-93D0-36BFEE57F5A4}"
	ProjectSection(ProjectDependencies) = postProject
		{7C9181C6-B654-3715-9891-B6289326D33E} = {7C9181C6-B654-3715-9891-B6289326D33E}
		{56FF2506-7C80-333C-9BAC-67D91C8EEC14} = {56FF2506-7C80-333C-9BAC-67D91C8EEC14}
	EndProjectSection
EndProject
Project("{8BC9CEB8-8B4A-11D0-8D11-00A0C91BC942}") = "stereo_kitti", "stereo_kitti.vcxproj", "{164BC991-A08B-3A9B-AB9D-B8208FE9A7F4}"
	ProjectSection(ProjectDependencies) = postProject
		{7C9181C6-B654-3715-9891-B6289326D33E} = {7C9181C6-B654-3715-9891-B6289326D33E}
		{56FF2506-7C80-333C-9BAC-67D91C8EEC14} = {56FF2506-7C80-333C-9BAC-67D91C8EEC14}
	EndProjectSection
EndProject
Global
	GlobalSection(SolutionConfigurationPlatforms) = preSolution
		Debug|x64 = Debug|x64
		Release|x64 = Release|x64
		MinSizeRel|x64 = MinSizeRel|x64
		RelWithDebInfo|x64 = RelWithDebInfo|x64
	EndGlobalSection
	GlobalSection(ProjectConfigurationPlatforms) = postSolution
		{5E5A7654-0A1B-3A6D-963E-A6A115791551}.Debug|x64.ActiveCfg = Debug|x64
		{5E5A7654-0A1B-3A6D-963E-A6A115791551}.Release|x64.ActiveCfg = Release|x64
		{5E5A7654-0A1B-3A6D-963E-A6A115791551}.MinSizeRel|x64.ActiveCfg = MinSizeRel|x64
		{5E5A7654-0A1B-3A6D-963E-A6A115791551}.RelWithDebInfo|x64.ActiveCfg = RelWithDebInfo|x64
		{7C9181C6-B654-3715-9891-B6289326D33E}.Debug|x64.ActiveCfg = Debug|x64
		{7C9181C6-B654-3715-9891-B6289326D33E}.Debug|x64.Build.0 = Debug|x64
		{7C9181C6-B654-3715-9891-B6289326D33E}.Release|x64.ActiveCfg = Release|x64
		{7C9181C6-B654-3715-9891-B6289326D33E}.Release|x64.Build.0 = Release|x64
		{7C9181C6-B654-3715-9891-B6289326D33E}.MinSizeRel|x64.ActiveCfg = MinSizeRel|x64
		{7C9181C6-B654-3715-9891-B6289326D33E}.MinSizeRel|x64.Build.0 = MinSizeRel|x64
		{7C9181C6-B654-3715-9891-B6289326D33E}.RelWithDebInfo|x64.ActiveCfg = RelWithDebInfo|x64
		{7C9181C6-B654-3715-9891-B6289326D33E}.RelWithDebInfo|x64.Build.0 = RelWithDebInfo|x64
		{56FF2506-7C80-333C-9BAC-67D91C8EEC14}.Debug|x64.ActiveCfg = Debug|x64
		{56FF2506-7C80-333C-9BAC-67D91C8EEC14}.Debug|x64.Build.0 = Debug|x64
		{56FF2506-7C80-333C-9BAC-67D91C8EEC14}.Release|x64.ActiveCfg = Release|x64
		{56FF2506-7C80-333C-9BAC-67D91C8EEC14}.Release|x64.Build.0 = Release|x64
		{56FF2506-7C80-333C-9BAC-67D91C8EEC14}.MinSizeRel|x64.ActiveCfg = MinSizeRel|x64
		{56FF2506-7C80-333C-9BAC-67D91C8EEC14}.MinSizeRel|x64.Build.0 = MinSizeRel|x64
		{56FF2506-7C80-333C-9BAC-67D91C8EEC14}.RelWithDebInfo|x64.ActiveCfg = RelWithDebInfo|x64
		{56FF2506-7C80-333C-9BAC-67D91C8EEC14}.RelWithDebInfo|x64.Build.0 = RelWithDebInfo|x64
		{F5875D33-9E92-3D82-8A87-BA5966D1C523}.Debug|x64.ActiveCfg = Debug|x64
		{F5875D33-9E92-3D82-8A87-BA5966D1C523}.Debug|x64.Build.0 = Debug|x64
		{F5875D33-9E92-3D82-8A87-BA5966D1C523}.Release|x64.ActiveCfg = Release|x64
		{F5875D33-9E92-3D82-8A87-BA5966D1C523}.Release|x64.Build.0 = Release|x64
		{F5875D33-9E92-3D82-8A87-BA5966D1C523}.MinSizeRel|x64.ActiveCfg = MinSizeRel|x64
		{F5875D33-9E92-3D82-8A87-BA5966D1C523}.MinSizeRel|x64.Build.0 = MinSizeRel|x64
		{F5875D33-9E92-3D82-8A87-BA5966D1C523}.RelWithDebInfo|x64.ActiveCfg = RelWithDebInfo|x64
		{F5875D33-9E92-3D82-8A87-BA5966D1C523}.RelWithDebInfo|x64.Build.0 = RelWithDebInfo|x64
		{A9000320-C7BB-34E9-89E3-CBCDF273A35D}.Debug|x64.ActiveCfg = Debug|x64
		{A9000320-C7BB-34E9-89E3-CBCDF273A35D}.Debug|x64.Build.0 = Debug|x64
		{A9000320-C7BB-34E9-89E3-CBCDF273A35D}.Release|x64.ActiveCfg = Release|x64
		{A9000320-C7BB-34E9-89E3-CBCDF273A35D}.Release|x64.Build.0 = Release|x64
		{A9000320-C7BB-34E9-89E3-CBCDF273A35D}.MinSizeRel|x64.ActiveCfg = MinSizeRel|x64
		{A9000320-C7BB-34E9-89E3-CBCDF273A35D}.MinSizeRel|x64.Build.0 = MinSizeRel|x64
		{A9000320-C7BB-34E9-89E3-CBCDF273A35D}.RelWithDebInfo|x64.ActiveCfg = RelWithDebInfo|x64
		{A9000320-C7BB-34E9-89E3-CBCDF273A35D}.RelWithDebInfo|x64.Build.0 = RelWithDebInfo|x64
		{45B5C79D-9B4F-31E1-BA5C-6B2982DE43FB}.Debug|x64.ActiveCfg = Debug|x64
		{45B5C79D-9B4F-31E1-BA5C-6B2982DE43FB}.Debug|x64.Build.0 = Debug|x64
		{45B5C79D-9B4F-31E1-BA5C-6B2982DE43FB}.Release|x64.ActiveCfg = Release|x64
		{45B5C79D-9B4F-31E1-BA5C-6B2982DE43FB}.Release|x64.Build.0 = Release|x64
		{45B5C79D-9B4F-31E1-BA5C-6B2982DE43FB}.MinSizeRel|x64.ActiveCfg = MinSizeRel|x64
		{45B5C79D-9B4F-31E1-BA5C-6B2982DE43FB}.MinSizeRel|x64.Build.0 = MinSizeRel|x64
		{45B5C79D-9B4F-31E1-BA5C-6B2982DE43FB}.RelWithDebInfo|x64.ActiveCfg = RelWithDebInfo|x64
		{45B5C79D-9B4F-31E1-BA5C-6B2982DE43FB}.RelWithDebInfo|x64.Build.0 = RelWithDebInfo|x64
		{757ACF19-D1BC-35FE-8B5D-EEB07BDD614A}.Debug|x64.ActiveCfg = Debug|x64
		{757ACF19-D1BC-35FE-8B5D-EEB07BDD614A}.Debug|x64.Build.0 = Debug|x64
		{757ACF19-D1BC-35FE-8B5D-EEB07BDD614A}.Release|x64.ActiveCfg = Release|x64
		{757ACF19-D1BC-35FE-8B5D-EEB07BDD614A}.Release|x64.Build.0 = Release|x64
		{757ACF19-D1BC-35FE-8B5D-EEB07BDD614A}.MinSizeRel|x64.ActiveCfg = MinSizeRel|x64
		{757ACF19-D1BC-35FE-8B5D-EEB07BDD614A}.MinSizeRel|x64.Build.0 = MinSizeRel|x64
		{757ACF19-D1BC-35FE-8B5D-EEB07BDD614A}.RelWithDebInfo|x64.ActiveCfg = RelWithDebInfo|x64
		{757ACF19-D1BC-35FE-8B5D-EEB07BDD614A}.RelWithDebInfo|x64.Build.0 = RelWithDebInfo|x64
		{4FB53BCE-F374-31BC-93D0-36BFEE57F5A4}.Debug|x64.ActiveCfg = Debug|x64
		{4FB53BCE-F374-31BC-93D0-36BFEE57F5A4}.Debug|x64.Build.0 = Debug|x64
		{4FB53BCE-F374-31BC-93D0-36BFEE57F5A4}.Release|x64.ActiveCfg = Release|x64
		{4FB53BCE-F374-31BC-93D0-36BFEE57F5A4}.Release|x64.Build.0 = Release|x64
		{4FB53BCE-F374-31BC-93D0-36BFEE57F5A4}.MinSizeRel|x64.ActiveCfg = MinSizeRel|x64
		{4FB53BCE-F374-31BC-93D0-36BFEE57F5A4}.MinSizeRel|x64.Build.0 = MinSizeRel|x64
		{4FB53BCE-F374-31BC-93D0-36BFEE57F5A4}.RelWithDebInfo|x64.ActiveCfg = RelWithDebInfo|x64
		{4FB53BCE-F374-31BC-93D0-36BFEE57F5A4}.RelWithDebInfo|x64.Build.0 = RelWithDebInfo|x64
		{164BC991-A08B-3A9B-AB9D-B8208FE9A7F4}.Debug|x64.ActiveCfg = Debug|x64
		{164BC991-A08B-3A9B-AB9D-B8208FE9A7F4}.Debug|x64.Build.0 = Debug|x64
		{164BC991-A08B-3A9B-AB9D-B8208FE9A7F4}.Release|x64.ActiveCfg = Release|x64
		{164BC991-A08B-3A9B-AB9D-B8208FE9A7F4}.Release|x64.Build.0 = Release|x64
		{164BC991-A08B-3A9B-AB9D-B8208FE9A7F4}.MinSizeRel|x64.ActiveCfg = MinSizeRel|x64
		{164BC991-A08B-3A9B-AB9D-B8208FE9A7F4}.MinSizeRel|x64.Build.0 = MinSizeRel|x64
		{164BC991-A08B-3A9B-AB9D-B8208FE9A7F4}.RelWithDebInfo|x64.ActiveCfg = RelWithDebInfo|x64
		{164BC991-A08B-3A9B-AB9D-B8208FE9A7F4}.RelWithDebInfo|x64.Build.0 = RelWithDebInfo|x64
	EndGlobalSection
	GlobalSection(ExtensibilityGlobals) = postSolution
	EndGlobalSection
	GlobalSection(ExtensibilityAddIns) = postSolution
	EndGlobalSection
EndGlobal
