<?xml version="1.0" encoding="UTF-8"?>
<Project ToolsVersion="14.0" xmlns="http://schemas.microsoft.com/developer/msbuild/2003">
  <ItemGroup>
    <ClCompile Include="D:\opensource\ORB_SLAM2\src\System.cc">
      <Filter>Source Files</Filter>
    </ClCompile>
    <ClCompile Include="D:\opensource\ORB_SLAM2\src\Tracking.cc">
      <Filter>Source Files</Filter>
    </ClCompile>
    <ClCompile Include="D:\opensource\ORB_SLAM2\src\LocalMapping.cc">
      <Filter>Source Files</Filter>
    </ClCompile>
    <ClCompile Include="D:\opensource\ORB_SLAM2\src\LoopClosing.cc">
      <Filter>Source Files</Filter>
    </ClCompile>
    <ClCompile Include="D:\opensource\ORB_SLAM2\src\ORBextractor.cc">
      <Filter>Source Files</Filter>
    </ClCompile>
    <ClCompile Include="D:\opensource\ORB_SLAM2\src\ORBmatcher.cc">
      <Filter>Source Files</Filter>
    </ClCompile>
    <ClCompile Include="D:\opensource\ORB_SLAM2\src\FrameDrawer.cc">
      <Filter>Source Files</Filter>
    </ClCompile>
    <ClCompile Include="D:\opensource\ORB_SLAM2\src\Converter.cc">
      <Filter>Source Files</Filter>
    </ClCompile>
    <ClCompile Include="D:\opensource\ORB_SLAM2\src\MapPoint.cc">
      <Filter>Source Files</Filter>
    </ClCompile>
    <ClCompile Include="D:\opensource\ORB_SLAM2\src\KeyFrame.cc">
      <Filter>Source Files</Filter>
    </ClCompile>
    <ClCompile Include="D:\opensource\ORB_SLAM2\src\Map.cc">
      <Filter>Source Files</Filter>
    </ClCompile>
    <ClCompile Include="D:\opensource\ORB_SLAM2\src\MapDrawer.cc">
      <Filter>Source Files</Filter>
    </ClCompile>
    <ClCompile Include="D:\opensource\ORB_SLAM2\src\Optimizer.cc">
      <Filter>Source Files</Filter>
    </ClCompile>
    <ClCompile Include="D:\opensource\ORB_SLAM2\src\PnPsolver.cc">
      <Filter>Source Files</Filter>
    </ClCompile>
    <ClCompile Include="D:\opensource\ORB_SLAM2\src\Frame.cc">
      <Filter>Source Files</Filter>
    </ClCompile>
    <ClCompile Include="D:\opensource\ORB_SLAM2\src\KeyFrameDatabase.cc">
      <Filter>Source Files</Filter>
    </ClCompile>
    <ClCompile Include="D:\opensource\ORB_SLAM2\src\Sim3Solver.cc">
      <Filter>Source Files</Filter>
    </ClCompile>
    <ClCompile Include="D:\opensource\ORB_SLAM2\src\Initializer.cc">
      <Filter>Source Files</Filter>
    </ClCompile>
    <ClCompile Include="D:\opensource\ORB_SLAM2\src\Viewer.cc">
      <Filter>Source Files</Filter>
    </ClCompile>
  </ItemGroup>
  <ItemGroup>
    <CustomBuild Include="D:\opensource\ORB_SLAM2\CMakeLists.txt" />
  </ItemGroup>
  <ItemGroup>
    <Filter Include="Source Files">
      <UniqueIdentifier>{731EF99C-268F-331F-A922-29D91DB7A930}</UniqueIdentifier>
    </Filter>
  </ItemGroup>
</Project>
