<?xml version="1.0" encoding="UTF-8"?>
<Project ToolsVersion="14.0" xmlns="http://schemas.microsoft.com/developer/msbuild/2003">
  <ItemGroup>
    <ClCompile Include="D:\opensource\ORB_SLAM2\Examples\RGB-D\rgbd_tum.cc">
      <Filter>Source Files</Filter>
    </ClCompile>
  </ItemGroup>
  <ItemGroup>
    <CustomBuild Include="D:\opensource\ORB_SLAM2\CMakeLists.txt" />
  </ItemGroup>
  <ItemGroup>
    <Filter Include="Source Files">
      <UniqueIdentifier>{731EF99C-268F-331F-A922-29D91DB7A930}</UniqueIdentifier>
    </Filter>
  </ItemGroup>
</Project>
